{
  "name": "ajs-3-use-nodejs",
  "version": "1.0.0",
  "lockfileVersion": 1,
  "requires": true,
  "dependencies": {
    "@sych95/ajs": {
      "version": "1.0.0",
      "resolved": "https://npm.pkg.github.com/download/@sych95/ajs/1.0.0/15c327848e6100b4cad1e645545c609b546ceb3c429fe273f15f0daab30097c6",
      "integrity": "sha512-Wiaz0pVyvhlojze6SNU26dzDhSkIWz/DDlGuDyNMsIBQmBv9lei24FPwzNcYgJE7HCuT5+nSMM94cdSzFiDOJw=="
    }
  }
}
